
Microsoft Visual Studio Solution File, Format Version 12.00
# Visual Studio Version 16
VisualStudioVersion = 16.0.29318.209
MinimumVisualStudioVersion = 10.0.40219.1
Project("{9A19103F-16F7-4668-BE54-9A1E7A4F7556}") = "FactoryDesignPattern_A", "DesignPattern\FactoryDesignPattern_A.csproj", "{C2E85DD0-D1A6-447D-9CAE-46E489A5BC93}"
EndProject
Project("{FAE04EC0-301F-11D3-BF4B-00C04F79EFBC}") = "FactoryDesignPattern_B", "FactoryDesignPattern_B\FactoryDesignPattern_B.csproj", "{5A09A92A-47FF-4F16-B1FA-09A56D310378}"
EndProject
Project("{2150E333-8FDC-42A3-9474-1A3956D46DE8}") = "FactoryDesignPattern", "FactoryDesignPattern", "{0E8603FA-474B-45FD-87AB-786E317159DE}"
EndProject
Global
	GlobalSection(SolutionConfigurationPlatforms) = preSolution
		Debug|Any CPU = Debug|Any CPU
		Release|Any CPU = Release|Any CPU
	EndGlobalSection
	GlobalSection(ProjectConfigurationPlatforms) = postSolution
		{C2E85DD0-D1A6-447D-9CAE-46E489A5BC93}.Debug|Any CPU.ActiveCfg = Debug|Any CPU
		{C2E85DD0-D1A6-447D-9CAE-46E489A5BC93}.Debug|Any CPU.Build.0 = Debug|Any CPU
		{C2E85DD0-D1A6-447D-9CAE-46E489A5BC93}.Release|Any CPU.ActiveCfg = Release|Any CPU
		{C2E85DD0-D1A6-447D-9CAE-46E489A5BC93}.Release|Any CPU.Build.0 = Release|Any CPU
		{5A09A92A-47FF-4F16-B1FA-09A56D310378}.Debug|Any CPU.ActiveCfg = Debug|Any CPU
		{5A09A92A-47FF-4F16-B1FA-09A56D310378}.Debug|Any CPU.Build.0 = Debug|Any CPU
		{5A09A92A-47FF-4F16-B1FA-09A56D310378}.Release|Any CPU.ActiveCfg = Release|Any CPU
		{5A09A92A-47FF-4F16-B1FA-09A56D310378}.Release|Any CPU.Build.0 = Release|Any CPU
	EndGlobalSection
	GlobalSection(SolutionProperties) = preSolution
		HideSolutionNode = FALSE
	EndGlobalSection
	GlobalSection(NestedProjects) = preSolution
		{C2E85DD0-D1A6-447D-9CAE-46E489A5BC93} = {0E8603FA-474B-45FD-87AB-786E317159DE}
		{5A09A92A-47FF-4F16-B1FA-09A56D310378} = {0E8603FA-474B-45FD-87AB-786E317159DE}
	EndGlobalSection
	GlobalSection(ExtensibilityGlobals) = postSolution
		SolutionGuid = {0E95113D-C1DF-4BA0-BD2E-463429E119B6}
	EndGlobalSection
EndGlobal
